
Microsoft Visual Studio Solution File, Format Version 12.00
# Visual Studio 15
VisualStudioVersion = 15.0.26730.12
MinimumVisualStudioVersion = 10.0.40219.1
Project("{FAE04EC0-301F-11D3-BF4B-00C04F79EFBC}") = "ConstructionOfFacilities", "ConstructionOfFacilities\ConstructionOfFacilities.csproj", "{77F3819A-99AA-4B15-85D4-5CA1A8801916}"
EndProject
Global
	GlobalSection(SolutionConfigurationPlatforms) = preSolution
		Debug|Any CPU = Debug|Any CPU
		Release|Any CPU = Release|Any CPU
	EndGlobalSection
	GlobalSection(ProjectConfigurationPlatforms) = postSolution
		{77F3819A-99AA-4B15-85D4-5CA1A8801916}.Debug|Any CPU.ActiveCfg = Debug|Any CPU
		{77F3819A-99AA-4B15-85D4-5CA1A8801916}.Debug|Any CPU.Build.0 = Debug|Any CPU
		{77F3819A-99AA-4B15-85D4-5CA1A8801916}.Release|Any CPU.ActiveCfg = Release|Any CPU
		{77F3819A-99AA-4B15-85D4-5CA1A8801916}.Release|Any CPU.Build.0 = Release|Any CPU
	EndGlobalSection
	GlobalSection(SolutionProperties) = preSolution
		HideSolutionNode = FALSE
	EndGlobalSection
	GlobalSection(ExtensibilityGlobals) = postSolution
		SolutionGuid = {6F150733-AB8A-4889-A8BE-EC1A917B08DC}
	EndGlobalSection
EndGlobal
